// !$*UTF8*$!
{
	archiveVersion = 1;
	classes = {
	};
	objectVersion = 55;
	objects = {

/* Begin PBXBuildFile section */
		D183B5062868859E005B68FB /* OtusIOSHW2App.swift in Sources */ = {isa = PBXBuildFile; fileRef = D183B5052868859E005B68FB /* OtusIOSHW2App.swift */; };
		D183B5082868859E005B68FB /* ContentView.swift in Sources */ = {isa = PBXBuildFile; fileRef = D183B5072868859E005B68FB /* ContentView.swift */; };
		D183B50A286885A0005B68FB /* Assets.xcassets in Resources */ = {isa = PBXBuildFile; fileRef = D183B509286885A0005B68FB /* Assets.xcassets */; };
		D183B50D286885A0005B68FB /* Preview Assets.xcassets in Resources */ = {isa = PBXBuildFile; fileRef = D183B50C286885A0005B68FB /* Preview Assets.xcassets */; };
		D183B51828688CCC005B68FB /* NetworkLayer in Frameworks */ = {isa = PBXBuildFile; productRef = D183B51728688CCC005B68FB /* NetworkLayer */; };
		D183B51E286897B2005B68FB /* AnimeListView.swift in Sources */ = {isa = PBXBuildFile; fileRef = D183B51D286897B2005B68FB /* AnimeListView.swift */; };
		D183B52128689808005B68FB /* AnimeListViewModel.swift in Sources */ = {isa = PBXBuildFile; fileRef = D183B52028689808005B68FB /* AnimeListViewModel.swift */; };
		D183B5242868A785005B68FB /* Identifiable.swift in Sources */ = {isa = PBXBuildFile; fileRef = D183B5232868A785005B68FB /* Identifiable.swift */; };
		D183B52A2868E195005B68FB /* AnimeItemView.swift in Sources */ = {isa = PBXBuildFile; fileRef = D183B5292868E194005B68FB /* AnimeItemView.swift */; };
		D183B52C2868E7C2005B68FB /* TagView.swift in Sources */ = {isa = PBXBuildFile; fileRef = D183B52B2868E7C2005B68FB /* TagView.swift */; };
		D183B52E2868E9F7005B68FB /* AnimeItemViewModel.swift in Sources */ = {isa = PBXBuildFile; fileRef = D183B52D2868E9F7005B68FB /* AnimeItemViewModel.swift */; };
		D183B5312868EFDE005B68FB /* ImageView.swift in Sources */ = {isa = PBXBuildFile; fileRef = D183B5302868EFDE005B68FB /* ImageView.swift */; };
		D183B5332868EFF5005B68FB /* ImageViewModel.swift in Sources */ = {isa = PBXBuildFile; fileRef = D183B5322868EFF5005B68FB /* ImageViewModel.swift */; };
		D183B540286A0299005B68FB /* NavigationStack in Frameworks */ = {isa = PBXBuildFile; productRef = D183B53F286A0299005B68FB /* NavigationStack */; };
		D183B542286A029E005B68FB /* ImageService in Frameworks */ = {isa = PBXBuildFile; productRef = D183B541286A029E005B68FB /* ImageService */; };
		D183B546286A07B9005B68FB /* CharacterItemView.swift in Sources */ = {isa = PBXBuildFile; fileRef = D183B545286A07B9005B68FB /* CharacterItemView.swift */; };
		D183B548286A0808005B68FB /* CharacterItemViewModel.swift in Sources */ = {isa = PBXBuildFile; fileRef = D183B547286A0808005B68FB /* CharacterItemViewModel.swift */; };
		D183B54B286A2192005B68FB /* AnimeRowView.swift in Sources */ = {isa = PBXBuildFile; fileRef = D183B54A286A2192005B68FB /* AnimeRowView.swift */; };
/* End PBXBuildFile section */

/* Begin PBXFileReference section */
		D183B5022868859E005B68FB /* OtusIOSHW2.app */ = {isa = PBXFileReference; explicitFileType = wrapper.application; includeInIndex = 0; path = OtusIOSHW2.app; sourceTree = BUILT_PRODUCTS_DIR; };
		D183B5052868859E005B68FB /* OtusIOSHW2App.swift */ = {isa = PBXFileReference; lastKnownFileType = sourcecode.swift; path = OtusIOSHW2App.swift; sourceTree = "<group>"; };
		D183B5072868859E005B68FB /* ContentView.swift */ = {isa = PBXFileReference; lastKnownFileType = sourcecode.swift; path = ContentView.swift; sourceTree = "<group>"; };
		D183B509286885A0005B68FB /* Assets.xcassets */ = {isa = PBXFileReference; lastKnownFileType = folder.assetcatalog; path = Assets.xcassets; sourceTree = "<group>"; };
		D183B50C286885A0005B68FB /* Preview Assets.xcassets */ = {isa = PBXFileReference; lastKnownFileType = folder.assetcatalog; path = "Preview Assets.xcassets"; sourceTree = "<group>"; };
		D183B51328688626005B68FB /* NetworkLayer */ = {isa = PBXFileReference; lastKnownFileType = text; path = NetworkLayer; sourceTree = SOURCE_ROOT; };
		D183B51D286897B2005B68FB /* AnimeListView.swift */ = {isa = PBXFileReference; lastKnownFileType = sourcecode.swift; path = AnimeListView.swift; sourceTree = "<group>"; };
		D183B52028689808005B68FB /* AnimeListViewModel.swift */ = {isa = PBXFileReference; lastKnownFileType = sourcecode.swift; path = AnimeListViewModel.swift; sourceTree = "<group>"; };
		D183B5232868A785005B68FB /* Identifiable.swift */ = {isa = PBXFileReference; lastKnownFileType = sourcecode.swift; path = Identifiable.swift; sourceTree = "<group>"; };
		D183B5292868E194005B68FB /* AnimeItemView.swift */ = {isa = PBXFileReference; lastKnownFileType = sourcecode.swift; path = AnimeItemView.swift; sourceTree = "<group>"; };
		D183B52B2868E7C2005B68FB /* TagView.swift */ = {isa = PBXFileReference; lastKnownFileType = sourcecode.swift; path = TagView.swift; sourceTree = "<group>"; };
		D183B52D2868E9F7005B68FB /* AnimeItemViewModel.swift */ = {isa = PBXFileReference; lastKnownFileType = sourcecode.swift; path = AnimeItemViewModel.swift; sourceTree = "<group>"; };
		D183B5302868EFDE005B68FB /* ImageView.swift */ = {isa = PBXFileReference; lastKnownFileType = sourcecode.swift; path = ImageView.swift; sourceTree = "<group>"; };
		D183B5322868EFF5005B68FB /* ImageViewModel.swift */ = {isa = PBXFileReference; lastKnownFileType = sourcecode.swift; path = ImageViewModel.swift; sourceTree = "<group>"; };
		D183B53D286A0257005B68FB /* NavigationStack */ = {isa = PBXFileReference; lastKnownFileType = wrapper; path = NavigationStack; sourceTree = "<group>"; };
		D183B53E286A028C005B68FB /* ImageService */ = {isa = PBXFileReference; lastKnownFileType = wrapper; path = ImageService; sourceTree = "<group>"; };
		D183B545286A07B9005B68FB /* CharacterItemView.swift */ = {isa = PBXFileReference; lastKnownFileType = sourcecode.swift; path = CharacterItemView.swift; sourceTree = "<group>"; };
		D183B547286A0808005B68FB /* CharacterItemViewModel.swift */ = {isa = PBXFileReference; lastKnownFileType = sourcecode.swift; path = CharacterItemViewModel.swift; sourceTree = "<group>"; };
		D183B54A286A2192005B68FB /* AnimeRowView.swift */ = {isa = PBXFileReference; lastKnownFileType = sourcecode.swift; path = AnimeRowView.swift; sourceTree = "<group>"; };
/* End PBXFileReference section */

/* Begin PBXFrameworksBuildPhase section */
		D183B4FF2868859E005B68FB /* Frameworks */ = {
			isa = PBXFrameworksBuildPhase;
			buildActionMask = 2147483647;
			files = (
				D183B542286A029E005B68FB /* ImageService in Frameworks */,
				D183B51828688CCC005B68FB /* NetworkLayer in Frameworks */,
				D183B540286A0299005B68FB /* NavigationStack in Frameworks */,
			);
			runOnlyForDeploymentPostprocessing = 0;
		};
/* End PBXFrameworksBuildPhase section */

/* Begin PBXGroup section */
		D183B4F92868859E005B68FB = {
			isa = PBXGroup;
			children = (
				D183B53C286A0257005B68FB /* Packages */,
				D183B5042868859E005B68FB /* OtusIOSHW2 */,
				D183B5032868859E005B68FB /* Products */,
				D183B51428688BB6005B68FB /* Frameworks */,
			);
			sourceTree = "<group>";
		};
		D183B5032868859E005B68FB /* Products */ = {
			isa = PBXGroup;
			children = (
				D183B5022868859E005B68FB /* OtusIOSHW2.app */,
			);
			name = Products;
			sourceTree = "<group>";
		};
		D183B5042868859E005B68FB /* OtusIOSHW2 */ = {
			isa = PBXGroup;
			children = (
				D183B5222868A6D0005B68FB /* Extensions */,
				D183B51328688626005B68FB /* NetworkLayer */,
				D183B5192868976A005B68FB /* View */,
				D183B5052868859E005B68FB /* OtusIOSHW2App.swift */,
				D183B5072868859E005B68FB /* ContentView.swift */,
				D183B509286885A0005B68FB /* Assets.xcassets */,
				D183B50B286885A0005B68FB /* Preview Content */,
			);
			path = OtusIOSHW2;
			sourceTree = "<group>";
		};
		D183B50B286885A0005B68FB /* Preview Content */ = {
			isa = PBXGroup;
			children = (
				D183B50C286885A0005B68FB /* Preview Assets.xcassets */,
			);
			path = "Preview Content";
			sourceTree = "<group>";
		};
		D183B51428688BB6005B68FB /* Frameworks */ = {
			isa = PBXGroup;
			children = (
			);
			name = Frameworks;
			sourceTree = "<group>";
		};
		D183B5192868976A005B68FB /* View */ = {
			isa = PBXGroup;
			children = (
				D183B544286A0794005B68FB /* CharacterItem */,
				D183B543286A0774005B68FB /* AnimeItem */,
				D183B52F2868EFCE005B68FB /* Image */,
				D183B51A28689773005B68FB /* AnimeList */,
				D183B52B2868E7C2005B68FB /* TagView.swift */,
			);
			path = View;
			sourceTree = "<group>";
		};
		D183B51A28689773005B68FB /* AnimeList */ = {
			isa = PBXGroup;
			children = (
				D183B549286A2181005B68FB /* Components  */,
				D183B52028689808005B68FB /* AnimeListViewModel.swift */,
				D183B51D286897B2005B68FB /* AnimeListView.swift */,
			);
			path = AnimeList;
			sourceTree = "<group>";
		};
		D183B5222868A6D0005B68FB /* Extensions */ = {
			isa = PBXGroup;
			children = (
				D183B5232868A785005B68FB /* Identifiable.swift */,
			);
			path = Extensions;
			sourceTree = "<group>";
		};
		D183B52F2868EFCE005B68FB /* Image */ = {
			isa = PBXGroup;
			children = (
				D183B5302868EFDE005B68FB /* ImageView.swift */,
				D183B5322868EFF5005B68FB /* ImageViewModel.swift */,
			);
			path = Image;
			sourceTree = "<group>";
		};
		D183B53C286A0257005B68FB /* Packages */ = {
			isa = PBXGroup;
			children = (
				D183B53D286A0257005B68FB /* NavigationStack */,
				D183B53E286A028C005B68FB /* ImageService */,
			);
			name = Packages;
			sourceTree = "<group>";
		};
		D183B543286A0774005B68FB /* AnimeItem */ = {
			isa = PBXGroup;
			children = (
				D183B5292868E194005B68FB /* AnimeItemView.swift */,
				D183B52D2868E9F7005B68FB /* AnimeItemViewModel.swift */,
			);
			path = AnimeItem;
			sourceTree = "<group>";
		};
		D183B544286A0794005B68FB /* CharacterItem */ = {
			isa = PBXGroup;
			children = (
				D183B545286A07B9005B68FB /* CharacterItemView.swift */,
				D183B547286A0808005B68FB /* CharacterItemViewModel.swift */,
			);
			path = CharacterItem;
			sourceTree = "<group>";
		};
		D183B549286A2181005B68FB /* Components  */ = {
			isa = PBXGroup;
			children = (
				D183B54A286A2192005B68FB /* AnimeRowView.swift */,
			);
			path = "Components ";
			sourceTree = "<group>";
		};
/* End PBXGroup section */

/* Begin PBXNativeTarget section */
		D183B5012868859E005B68FB /* OtusIOSHW2 */ = {
			isa = PBXNativeTarget;
			buildConfigurationList = D183B510286885A0005B68FB /* Build configuration list for PBXNativeTarget "OtusIOSHW2" */;
			buildPhases = (
				D183B4FE2868859E005B68FB /* Sources */,
				D183B4FF2868859E005B68FB /* Frameworks */,
				D183B5002868859E005B68FB /* Resources */,
			);
			buildRules = (
			);
			dependencies = (
			);
			name = OtusIOSHW2;
			packageProductDependencies = (
				D183B51728688CCC005B68FB /* NetworkLayer */,
				D183B53F286A0299005B68FB /* NavigationStack */,
				D183B541286A029E005B68FB /* ImageService */,
			);
			productName = OtusIOSHW2;
			productReference = D183B5022868859E005B68FB /* OtusIOSHW2.app */;
			productType = "com.apple.product-type.application";
		};
/* End PBXNativeTarget section */

/* Begin PBXProject section */
		D183B4FA2868859E005B68FB /* Project object */ = {
			isa = PBXProject;
			attributes = {
				BuildIndependentTargetsInParallel = 1;
				LastSwiftUpdateCheck = 1340;
				LastUpgradeCheck = 1340;
				TargetAttributes = {
					D183B5012868859E005B68FB = {
						CreatedOnToolsVersion = 13.4.1;
					};
				};
			};
			buildConfigurationList = D183B4FD2868859E005B68FB /* Build configuration list for PBXProject "OtusIOSHW2" */;
			compatibilityVersion = "Xcode 13.0";
			developmentRegion = en;
			hasScannedForEncodings = 0;
			knownRegions = (
				en,
				Base,
			);
			mainGroup = D183B4F92868859E005B68FB;
			productRefGroup = D183B5032868859E005B68FB /* Products */;
			projectDirPath = "";
			projectRoot = "";
			targets = (
				D183B5012868859E005B68FB /* OtusIOSHW2 */,
			);
		};
/* End PBXProject section */

/* Begin PBXResourcesBuildPhase section */
		D183B5002868859E005B68FB /* Resources */ = {
			isa = PBXResourcesBuildPhase;
			buildActionMask = 2147483647;
			files = (
				D183B50D286885A0005B68FB /* Preview Assets.xcassets in Resources */,
				D183B50A286885A0005B68FB /* Assets.xcassets in Resources */,
			);
			runOnlyForDeploymentPostprocessing = 0;
		};
/* End PBXResourcesBuildPhase section */

/* Begin PBXSourcesBuildPhase section */
		D183B4FE2868859E005B68FB /* Sources */ = {
			isa = PBXSourcesBuildPhase;
			buildActionMask = 2147483647;
			files = (
				D183B52E2868E9F7005B68FB /* AnimeItemViewModel.swift in Sources */,
				D183B51E286897B2005B68FB /* AnimeListView.swift in Sources */,
				D183B52128689808005B68FB /* AnimeListViewModel.swift in Sources */,
				D183B5082868859E005B68FB /* ContentView.swift in Sources */,
				D183B5242868A785005B68FB /* Identifiable.swift in Sources */,
				D183B546286A07B9005B68FB /* CharacterItemView.swift in Sources */,
				D183B52C2868E7C2005B68FB /* TagView.swift in Sources */,
				D183B5332868EFF5005B68FB /* ImageViewModel.swift in Sources */,
				D183B5312868EFDE005B68FB /* ImageView.swift in Sources */,
				D183B52A2868E195005B68FB /* AnimeItemView.swift in Sources */,
				D183B5062868859E005B68FB /* OtusIOSHW2App.swift in Sources */,
				D183B54B286A2192005B68FB /* AnimeRowView.swift in Sources */,
				D183B548286A0808005B68FB /* CharacterItemViewModel.swift in Sources */,
			);
			runOnlyForDeploymentPostprocessing = 0;
		};
/* End PBXSourcesBuildPhase section */

/* Begin XCBuildConfiguration section */
		D183B50E286885A0005B68FB /* Debug */ = {
			isa = XCBuildConfiguration;
			buildSettings = {
				ALWAYS_SEARCH_USER_PATHS = NO;
				CLANG_ANALYZER_NONNULL = YES;
				CLANG_ANALYZER_NUMBER_OBJECT_CONVERSION = YES_AGGRESSIVE;
				CLANG_CXX_LANGUAGE_STANDARD = "gnu++17";
				CLANG_ENABLE_MODULES = YES;
				CLANG_ENABLE_OBJC_ARC = YES;
				CLANG_ENABLE_OBJC_WEAK = YES;
				CLANG_WARN_BLOCK_CAPTURE_AUTORELEASING = YES;
				CLANG_WARN_BOOL_CONVERSION = YES;
				CLANG_WARN_COMMA = YES;
				CLANG_WARN_CONSTANT_CONVERSION = YES;
				CLANG_WARN_DEPRECATED_OBJC_IMPLEMENTATIONS = YES;
				CLANG_WARN_DIRECT_OBJC_ISA_USAGE = YES_ERROR;
				CLANG_WARN_DOCUMENTATION_COMMENTS = YES;
				CLANG_WARN_EMPTY_BODY = YES;
				CLANG_WARN_ENUM_CONVERSION = YES;
				CLANG_WARN_INFINITE_RECURSION = YES;
				CLANG_WARN_INT_CONVERSION = YES;
				CLANG_WARN_NON_LITERAL_NULL_CONVERSION = YES;
				CLANG_WARN_OBJC_IMPLICIT_RETAIN_SELF = YES;
				CLANG_WARN_OBJC_LITERAL_CONVERSION = YES;
				CLANG_WARN_OBJC_ROOT_CLASS = YES_ERROR;
				CLANG_WARN_QUOTED_INCLUDE_IN_FRAMEWORK_HEADER = YES;
				CLANG_WARN_RANGE_LOOP_ANALYSIS = YES;
				CLANG_WARN_STRICT_PROTOTYPES = YES;
				CLANG_WARN_SUSPICIOUS_MOVE = YES;
				CLANG_WARN_UNGUARDED_AVAILABILITY = YES_AGGRESSIVE;
				CLANG_WARN_UNREACHABLE_CODE = YES;
				CLANG_WARN__DUPLICATE_METHOD_MATCH = YES;
				COPY_PHASE_STRIP = NO;
				DEBUG_INFORMATION_FORMAT = dwarf;
				ENABLE_STRICT_OBJC_MSGSEND = YES;
				ENABLE_TESTABILITY = YES;
				GCC_C_LANGUAGE_STANDARD = gnu11;
				GCC_DYNAMIC_NO_PIC = NO;
				GCC_NO_COMMON_BLOCKS = YES;
				GCC_OPTIMIZATION_LEVEL = 0;
				GCC_PREPROCESSOR_DEFINITIONS = (
					"DEBUG=1",
					"$(inherited)",
				);
				GCC_WARN_64_TO_32_BIT_CONVERSION = YES;
				GCC_WARN_ABOUT_RETURN_TYPE = YES_ERROR;
				GCC_WARN_UNDECLARED_SELECTOR = YES;
				GCC_WARN_UNINITIALIZED_AUTOS = YES_AGGRESSIVE;
				GCC_WARN_UNUSED_FUNCTION = YES;
				GCC_WARN_UNUSED_VARIABLE = YES;
				IPHONEOS_DEPLOYMENT_TARGET = 15.5;
				MTL_ENABLE_DEBUG_INFO = INCLUDE_SOURCE;
				MTL_FAST_MATH = YES;
				ONLY_ACTIVE_ARCH = YES;
				SDKROOT = iphoneos;
				SWIFT_ACTIVE_COMPILATION_CONDITIONS = DEBUG;
				SWIFT_OPTIMIZATION_LEVEL = "-Onone";
			};
			name = Debug;
		};
		D183B50F286885A0005B68FB /* Release */ = {
			isa = XCBuildConfiguration;
			buildSettings = {
				ALWAYS_SEARCH_USER_PATHS = NO;
				CLANG_ANALYZER_NONNULL = YES;
				CLANG_ANALYZER_NUMBER_OBJECT_CONVERSION = YES_AGGRESSIVE;
				CLANG_CXX_LANGUAGE_STANDARD = "gnu++17";
				CLANG_ENABLE_MODULES = YES;
				CLANG_ENABLE_OBJC_ARC = YES;
				CLANG_ENABLE_OBJC_WEAK = YES;
				CLANG_WARN_BLOCK_CAPTURE_AUTORELEASING = YES;
				CLANG_WARN_BOOL_CONVERSION = YES;
				CLANG_WARN_COMMA = YES;
				CLANG_WARN_CONSTANT_CONVERSION = YES;
				CLANG_WARN_DEPRECATED_OBJC_IMPLEMENTATIONS = YES;
				CLANG_WARN_DIRECT_OBJC_ISA_USAGE = YES_ERROR;
				CLANG_WARN_DOCUMENTATION_COMMENTS = YES;
				CLANG_WARN_EMPTY_BODY = YES;
				CLANG_WARN_ENUM_CONVERSION = YES;
				CLANG_WARN_INFINITE_RECURSION = YES;
				CLANG_WARN_INT_CONVERSION = YES;
				CLANG_WARN_NON_LITERAL_NULL_CONVERSION = YES;
				CLANG_WARN_OBJC_IMPLICIT_RETAIN_SELF = YES;
				CLANG_WARN_OBJC_LITERAL_CONVERSION = YES;
				CLANG_WARN_OBJC_ROOT_CLASS = YES_ERROR;
				CLANG_WARN_QUOTED_INCLUDE_IN_FRAMEWORK_HEADER = YES;
				CLANG_WARN_RANGE_LOOP_ANALYSIS = YES;
				CLANG_WARN_STRICT_PROTOTYPES = YES;
				CLANG_WARN_SUSPICIOUS_MOVE = YES;
				CLANG_WARN_UNGUARDED_AVAILABILITY = YES_AGGRESSIVE;
				CLANG_WARN_UNREACHABLE_CODE = YES;
				CLANG_WARN__DUPLICATE_METHOD_MATCH = YES;
				COPY_PHASE_STRIP = NO;
				DEBUG_INFORMATION_FORMAT = "dwarf-with-dsym";
				ENABLE_NS_ASSERTIONS = NO;
				ENABLE_STRICT_OBJC_MSGSEND = YES;
				GCC_C_LANGUAGE_STANDARD = gnu11;
				GCC_NO_COMMON_BLOCKS = YES;
				GCC_WARN_64_TO_32_BIT_CONVERSION = YES;
				GCC_WARN_ABOUT_RETURN_TYPE = YES_ERROR;
				GCC_WARN_UNDECLARED_SELECTOR = YES;
				GCC_WARN_UNINITIALIZED_AUTOS = YES_AGGRESSIVE;
				GCC_WARN_UNUSED_FUNCTION = YES;
				GCC_WARN_UNUSED_VARIABLE = YES;
				IPHONEOS_DEPLOYMENT_TARGET = 15.5;
				MTL_ENABLE_DEBUG_INFO = NO;
				MTL_FAST_MATH = YES;
				SDKROOT = iphoneos;
				SWIFT_COMPILATION_MODE = wholemodule;
				SWIFT_OPTIMIZATION_LEVEL = "-O";
				VALIDATE_PRODUCT = YES;
			};
			name = Release;
		};
		D183B511286885A0005B68FB /* Debug */ = {
			isa = XCBuildConfiguration;
			buildSettings = {
				ASSETCATALOG_COMPILER_APPICON_NAME = AppIcon;
				ASSETCATALOG_COMPILER_GLOBAL_ACCENT_COLOR_NAME = AccentColor;
				CODE_SIGN_STYLE = Automatic;
				CURRENT_PROJECT_VERSION = 1;
				DEVELOPMENT_ASSET_PATHS = "\"OtusIOSHW2/Preview Content\"";
				DEVELOPMENT_TEAM = B62KKHJ7CU;
				ENABLE_PREVIEWS = YES;
				GENERATE_INFOPLIST_FILE = YES;
				INFOPLIST_KEY_UIApplicationSceneManifest_Generation = YES;
				INFOPLIST_KEY_UIApplicationSupportsIndirectInputEvents = YES;
				INFOPLIST_KEY_UILaunchScreen_Generation = YES;
				INFOPLIST_KEY_UISupportedInterfaceOrientations_iPad = "UIInterfaceOrientationPortrait UIInterfaceOrientationPortraitUpsideDown UIInterfaceOrientationLandscapeLeft UIInterfaceOrientationLandscapeRight";
				INFOPLIST_KEY_UISupportedInterfaceOrientations_iPhone = "UIInterfaceOrientationPortrait UIInterfaceOrientationLandscapeLeft UIInterfaceOrientationLandscapeRight";
				LD_RUNPATH_SEARCH_PATHS = (
					"$(inherited)",
					"@executable_path/Frameworks",
				);
				MARKETING_VERSION = 1.0;
				PRODUCT_BUNDLE_IDENTIFIER = ru.DIMDev.OtusIOSHW2;
				PRODUCT_NAME = "$(TARGET_NAME)";
				SWIFT_EMIT_LOC_STRINGS = YES;
				SWIFT_VERSION = 5.0;
				TARGETED_DEVICE_FAMILY = "1,2";
			};
			name = Debug;
		};
		D183B512286885A0005B68FB /* Release */ = {
			isa = XCBuildConfiguration;
			buildSettings = {
				ASSETCATALOG_COMPILER_APPICON_NAME = AppIcon;
				ASSETCATALOG_COMPILER_GLOBAL_ACCENT_COLOR_NAME = AccentColor;
				CODE_SIGN_STYLE = Automatic;
				CURRENT_PROJECT_VERSION = 1;
				DEVELOPMENT_ASSET_PATHS = "\"OtusIOSHW2/Preview Content\"";
				DEVELOPMENT_TEAM = B62KKHJ7CU;
				ENABLE_PREVIEWS = YES;
				GENERATE_INFOPLIST_FILE = YES;
				INFOPLIST_KEY_UIApplicationSceneManifest_Generation = YES;
				INFOPLIST_KEY_UIApplicationSupportsIndirectInputEvents = YES;
				INFOPLIST_KEY_UILaunchScreen_Generation = YES;
				INFOPLIST_KEY_UISupportedInterfaceOrientations_iPad = "UIInterfaceOrientationPortrait UIInterfaceOrientationPortraitUpsideDown UIInterfaceOrientationLandscapeLeft UIInterfaceOrientationLandscapeRight";
				INFOPLIST_KEY_UISupportedInterfaceOrientations_iPhone = "UIInterfaceOrientationPortrait UIInterfaceOrientationLandscapeLeft UIInterfaceOrientationLandscapeRight";
				LD_RUNPATH_SEARCH_PATHS = (
					"$(inherited)",
					"@executable_path/Frameworks",
				);
				MARKETING_VERSION = 1.0;
				PRODUCT_BUNDLE_IDENTIFIER = ru.DIMDev.OtusIOSHW2;
				PRODUCT_NAME = "$(TARGET_NAME)";
				SWIFT_EMIT_LOC_STRINGS = YES;
				SWIFT_VERSION = 5.0;
				TARGETED_DEVICE_FAMILY = "1,2";
			};
			name = Release;
		};
/* End XCBuildConfiguration section */

/* Begin XCConfigurationList section */
		D183B4FD2868859E005B68FB /* Build configuration list for PBXProject "OtusIOSHW2" */ = {
			isa = XCConfigurationList;
			buildConfigurations = (
				D183B50E286885A0005B68FB /* Debug */,
				D183B50F286885A0005B68FB /* Release */,
			);
			defaultConfigurationIsVisible = 0;
			defaultConfigurationName = Release;
		};
		D183B510286885A0005B68FB /* Build configuration list for PBXNativeTarget "OtusIOSHW2" */ = {
			isa = XCConfigurationList;
			buildConfigurations = (
				D183B511286885A0005B68FB /* Debug */,
				D183B512286885A0005B68FB /* Release */,
			);
			defaultConfigurationIsVisible = 0;
			defaultConfigurationName = Release;
		};
/* End XCConfigurationList section */

/* Begin XCSwiftPackageProductDependency section */
		D183B51728688CCC005B68FB /* NetworkLayer */ = {
			isa = XCSwiftPackageProductDependency;
			productName = NetworkLayer;
		};
		D183B53F286A0299005B68FB /* NavigationStack */ = {
			isa = XCSwiftPackageProductDependency;
			productName = NavigationStack;
		};
		D183B541286A029E005B68FB /* ImageService */ = {
			isa = XCSwiftPackageProductDependency;
			productName = ImageService;
		};
/* End XCSwiftPackageProductDependency section */
	};
	rootObject = D183B4FA2868859E005B68FB /* Project object */;
}
